
Microsoft Visual Studio Solution File, Format Version 12.00
Project("{2150E333-8FDC-42A3-9474-1A3956D46DE8}") = "Application", "Application", "{AE5A2227-82B5-4C6E-9B42-A2F9A9946A14}"
EndProject
Project("{FAE04EC0-301F-11D3-BF4B-00C04F79EFBC}") = "Application.API", "Application\Application.API\Application.API.csproj", "{0AB426E0-B50F-4AFF-B5B4-CD27B9E1B3C5}"
EndProject
Project("{2150E333-8FDC-42A3-9474-1A3956D46DE8}") = "Domain", "Domain", "{F64125B9-38C3-4A8D-9AA1-F60D455607CC}"
EndProject
Project("{2150E333-8FDC-42A3-9474-1A3956D46DE8}") = "Infra", "Infra", "{F597E308-DD50-4A99-BDA6-FDD3859354E4}"
EndProject
Project("{2150E333-8FDC-42A3-9474-1A3956D46DE8}") = "Service", "Service", "{00AA7CE9-02C3-4DB6-A58E-D30963D1EC90}"
EndProject
Project("{FAE04EC0-301F-11D3-BF4B-00C04F79EFBC}") = "WebPonto.Domain", "Domain\WebPonto.Domain\WebPonto.Domain.csproj", "{00C2D11A-B8D1-486D-AD1C-B6B971E266D0}"
EndProject
Project("{2150E333-8FDC-42A3-9474-1A3956D46DE8}") = "Data", "Data", "{52ABB851-5738-4421-9235-F3CB14172D4A}"
EndProject
Project("{FAE04EC0-301F-11D3-BF4B-00C04F79EFBC}") = "Persistence", "Infra\Data\Persistence\Persistence.csproj", "{6F59B589-3A9B-4BEE-BF78-AC3E19805D39}"
EndProject
Project("{FAE04EC0-301F-11D3-BF4B-00C04F79EFBC}") = "Services", "Service\Services\Services.csproj", "{83E3BCEC-FE38-45D5-AAEB-E18AFD731D93}"
EndProject
Project("{2150E333-8FDC-42A3-9474-1A3956D46DE8}") = "Test", "Test", "{C1C49112-CDD1-4633-97EF-DC1178097503}"
EndProject
Project("{FAE04EC0-301F-11D3-BF4B-00C04F79EFBC}") = "UnitTests", "Test\UnitTests\UnitTests.csproj", "{735AB11C-B4C3-4BA3-948C-69223371E94C}"
EndProject
Project("{2150E333-8FDC-42A3-9474-1A3956D46DE8}") = "Dependency", "Dependency", "{2D1D9DAA-F6F7-45FA-ADBE-3C07ABDBD4BF}"
EndProject
Project("{FAE04EC0-301F-11D3-BF4B-00C04F79EFBC}") = "DB", "Infra\Dependency\DB\DB.csproj", "{83C27FA4-CA58-447B-8FD2-29A68D6D0CFF}"
EndProject
Project("{2150E333-8FDC-42A3-9474-1A3956D46DE8}") = "Shared", "Shared", "{B8128096-AA72-4E5C-8F8B-7D494F6C2307}"
EndProject
Project("{FAE04EC0-301F-11D3-BF4B-00C04F79EFBC}") = "WebPonto.Infra.Shared", "Infra\Shared\WebPonto.Infra.Shared\WebPonto.Infra.Shared.csproj", "{4A3FE35D-BAFA-4C49-89D1-439602DD9580}"
EndProject
Global
	GlobalSection(SolutionConfigurationPlatforms) = preSolution
		Debug|Any CPU = Debug|Any CPU
		Release|Any CPU = Release|Any CPU
	EndGlobalSection
	GlobalSection(NestedProjects) = preSolution
		{0AB426E0-B50F-4AFF-B5B4-CD27B9E1B3C5} = {AE5A2227-82B5-4C6E-9B42-A2F9A9946A14}
		{00C2D11A-B8D1-486D-AD1C-B6B971E266D0} = {F64125B9-38C3-4A8D-9AA1-F60D455607CC}
		{52ABB851-5738-4421-9235-F3CB14172D4A} = {F597E308-DD50-4A99-BDA6-FDD3859354E4}
		{6F59B589-3A9B-4BEE-BF78-AC3E19805D39} = {52ABB851-5738-4421-9235-F3CB14172D4A}
		{83E3BCEC-FE38-45D5-AAEB-E18AFD731D93} = {00AA7CE9-02C3-4DB6-A58E-D30963D1EC90}
		{735AB11C-B4C3-4BA3-948C-69223371E94C} = {C1C49112-CDD1-4633-97EF-DC1178097503}
		{2D1D9DAA-F6F7-45FA-ADBE-3C07ABDBD4BF} = {F597E308-DD50-4A99-BDA6-FDD3859354E4}
		{83C27FA4-CA58-447B-8FD2-29A68D6D0CFF} = {2D1D9DAA-F6F7-45FA-ADBE-3C07ABDBD4BF}
		{B8128096-AA72-4E5C-8F8B-7D494F6C2307} = {F597E308-DD50-4A99-BDA6-FDD3859354E4}
		{4A3FE35D-BAFA-4C49-89D1-439602DD9580} = {B8128096-AA72-4E5C-8F8B-7D494F6C2307}
	EndGlobalSection
	GlobalSection(ProjectConfigurationPlatforms) = postSolution
		{0AB426E0-B50F-4AFF-B5B4-CD27B9E1B3C5}.Debug|Any CPU.ActiveCfg = Debug|Any CPU
		{0AB426E0-B50F-4AFF-B5B4-CD27B9E1B3C5}.Debug|Any CPU.Build.0 = Debug|Any CPU
		{0AB426E0-B50F-4AFF-B5B4-CD27B9E1B3C5}.Release|Any CPU.ActiveCfg = Release|Any CPU
		{0AB426E0-B50F-4AFF-B5B4-CD27B9E1B3C5}.Release|Any CPU.Build.0 = Release|Any CPU
		{00C2D11A-B8D1-486D-AD1C-B6B971E266D0}.Debug|Any CPU.ActiveCfg = Debug|Any CPU
		{00C2D11A-B8D1-486D-AD1C-B6B971E266D0}.Debug|Any CPU.Build.0 = Debug|Any CPU
		{00C2D11A-B8D1-486D-AD1C-B6B971E266D0}.Release|Any CPU.ActiveCfg = Release|Any CPU
		{00C2D11A-B8D1-486D-AD1C-B6B971E266D0}.Release|Any CPU.Build.0 = Release|Any CPU
		{6F59B589-3A9B-4BEE-BF78-AC3E19805D39}.Debug|Any CPU.ActiveCfg = Debug|Any CPU
		{6F59B589-3A9B-4BEE-BF78-AC3E19805D39}.Debug|Any CPU.Build.0 = Debug|Any CPU
		{6F59B589-3A9B-4BEE-BF78-AC3E19805D39}.Release|Any CPU.ActiveCfg = Release|Any CPU
		{6F59B589-3A9B-4BEE-BF78-AC3E19805D39}.Release|Any CPU.Build.0 = Release|Any CPU
		{83E3BCEC-FE38-45D5-AAEB-E18AFD731D93}.Debug|Any CPU.ActiveCfg = Debug|Any CPU
		{83E3BCEC-FE38-45D5-AAEB-E18AFD731D93}.Debug|Any CPU.Build.0 = Debug|Any CPU
		{83E3BCEC-FE38-45D5-AAEB-E18AFD731D93}.Release|Any CPU.ActiveCfg = Release|Any CPU
		{83E3BCEC-FE38-45D5-AAEB-E18AFD731D93}.Release|Any CPU.Build.0 = Release|Any CPU
		{735AB11C-B4C3-4BA3-948C-69223371E94C}.Debug|Any CPU.ActiveCfg = Debug|Any CPU
		{735AB11C-B4C3-4BA3-948C-69223371E94C}.Debug|Any CPU.Build.0 = Debug|Any CPU
		{735AB11C-B4C3-4BA3-948C-69223371E94C}.Release|Any CPU.ActiveCfg = Release|Any CPU
		{735AB11C-B4C3-4BA3-948C-69223371E94C}.Release|Any CPU.Build.0 = Release|Any CPU
		{83C27FA4-CA58-447B-8FD2-29A68D6D0CFF}.Debug|Any CPU.ActiveCfg = Debug|Any CPU
		{83C27FA4-CA58-447B-8FD2-29A68D6D0CFF}.Debug|Any CPU.Build.0 = Debug|Any CPU
		{83C27FA4-CA58-447B-8FD2-29A68D6D0CFF}.Release|Any CPU.ActiveCfg = Release|Any CPU
		{83C27FA4-CA58-447B-8FD2-29A68D6D0CFF}.Release|Any CPU.Build.0 = Release|Any CPU
		{4A3FE35D-BAFA-4C49-89D1-439602DD9580}.Debug|Any CPU.ActiveCfg = Debug|Any CPU
		{4A3FE35D-BAFA-4C49-89D1-439602DD9580}.Debug|Any CPU.Build.0 = Debug|Any CPU
		{4A3FE35D-BAFA-4C49-89D1-439602DD9580}.Release|Any CPU.ActiveCfg = Release|Any CPU
		{4A3FE35D-BAFA-4C49-89D1-439602DD9580}.Release|Any CPU.Build.0 = Release|Any CPU
	EndGlobalSection
EndGlobal
